// !$*UTF8*$!
{
	archiveVersion = 1;
	classes = {
	};
	objectVersion = 46;
	objects = {

/* Begin PBXBuildFile section */
		220C48221EBD8A84008A15B2 /* TOStatusBarSimulator.xcassets in Resources */ = {isa = PBXBuildFile; fileRef = 220C48211EBD8A84008A15B2 /* TOStatusBarSimulator.xcassets */; };
		226713A01EB8DEE400CAFCAA /* AppDelegate.m in Sources */ = {isa = PBXBuildFile; fileRef = 226713981EB8DEE400CAFCAA /* AppDelegate.m */; };
		226713A21EB8DEE400CAFCAA /* LaunchScreen.storyboard in Resources */ = {isa = PBXBuildFile; fileRef = 2267139A1EB8DEE400CAFCAA /* LaunchScreen.storyboard */; };
		226713A31EB8DEE400CAFCAA /* Info.plist in Resources */ = {isa = PBXBuildFile; fileRef = 2267139C1EB8DEE400CAFCAA /* Info.plist */; };
		226713A41EB8DEE400CAFCAA /* main.m in Sources */ = {isa = PBXBuildFile; fileRef = 2267139D1EB8DEE400CAFCAA /* main.m */; };
		226713A51EB8DEE400CAFCAA /* ViewController.m in Sources */ = {isa = PBXBuildFile; fileRef = 2267139F1EB8DEE400CAFCAA /* ViewController.m */; };
		226713A91EB8DF5C00CAFCAA /* TOStatusBarSimulator.m in Sources */ = {isa = PBXBuildFile; fileRef = 226713A81EB8DF5C00CAFCAA /* TOStatusBarSimulator.m */; };
		226713AF1EB9028600CAFCAA /* DarkViewController.m in Sources */ = {isa = PBXBuildFile; fileRef = 226713AE1EB9028600CAFCAA /* DarkViewController.m */; };
		226713CB1EB9723700CAFCAA /* TOStatusBarView.m in Sources */ = {isa = PBXBuildFile; fileRef = 226713CA1EB9723700CAFCAA /* TOStatusBarView.m */; };
		226713D01EB9B73E00CAFCAA /* TOStatusBarProxy.m in Sources */ = {isa = PBXBuildFile; fileRef = 226713CF1EB9B73E00CAFCAA /* TOStatusBarProxy.m */; };
		226713D31EB9BA6700CAFCAA /* UIApplication+CaptureAnimation.m in Sources */ = {isa = PBXBuildFile; fileRef = 226713D21EB9BA6700CAFCAA /* UIApplication+CaptureAnimation.m */; };
		22C7BA861EBA5F9A00C72CD3 /* TOStatusBarTimer.m in Sources */ = {isa = PBXBuildFile; fileRef = 22C7BA851EBA5F9A00C72CD3 /* TOStatusBarTimer.m */; };
/* End PBXBuildFile section */

/* Begin PBXFileReference section */
		220C48211EBD8A84008A15B2 /* TOStatusBarSimulator.xcassets */ = {isa = PBXFileReference; lastKnownFileType = folder.assetcatalog; path = TOStatusBarSimulator.xcassets; sourceTree = "<group>"; };
		2267137C1EB86AD600CAFCAA /* TOStatusBarSimulator.app */ = {isa = PBXFileReference; explicitFileType = wrapper.application; includeInIndex = 0; path = TOStatusBarSimulator.app; sourceTree = BUILT_PRODUCTS_DIR; };
		226713971EB8DEE400CAFCAA /* AppDelegate.h */ = {isa = PBXFileReference; fileEncoding = 4; lastKnownFileType = sourcecode.c.h; path = AppDelegate.h; sourceTree = "<group>"; };
		226713981EB8DEE400CAFCAA /* AppDelegate.m */ = {isa = PBXFileReference; fileEncoding = 4; lastKnownFileType = sourcecode.c.objc; path = AppDelegate.m; sourceTree = "<group>"; };
		2267139B1EB8DEE400CAFCAA /* Base */ = {isa = PBXFileReference; lastKnownFileType = file.storyboard; name = Base; path = Base.lproj/LaunchScreen.storyboard; sourceTree = "<group>"; };
		2267139C1EB8DEE400CAFCAA /* Info.plist */ = {isa = PBXFileReference; fileEncoding = 4; lastKnownFileType = text.plist.xml; path = Info.plist; sourceTree = "<group>"; };
		2267139D1EB8DEE400CAFCAA /* main.m */ = {isa = PBXFileReference; fileEncoding = 4; lastKnownFileType = sourcecode.c.objc; path = main.m; sourceTree = "<group>"; };
		2267139E1EB8DEE400CAFCAA /* ViewController.h */ = {isa = PBXFileReference; fileEncoding = 4; lastKnownFileType = sourcecode.c.h; path = ViewController.h; sourceTree = "<group>"; };
		2267139F1EB8DEE400CAFCAA /* ViewController.m */ = {isa = PBXFileReference; fileEncoding = 4; lastKnownFileType = sourcecode.c.objc; path = ViewController.m; sourceTree = "<group>"; };
		226713A71EB8DF5C00CAFCAA /* TOStatusBarSimulator.h */ = {isa = PBXFileReference; fileEncoding = 4; lastKnownFileType = sourcecode.c.h; path = TOStatusBarSimulator.h; sourceTree = "<group>"; };
		226713A81EB8DF5C00CAFCAA /* TOStatusBarSimulator.m */ = {isa = PBXFileReference; fileEncoding = 4; lastKnownFileType = sourcecode.c.objc; path = TOStatusBarSimulator.m; sourceTree = "<group>"; };
		226713AD1EB9028600CAFCAA /* DarkViewController.h */ = {isa = PBXFileReference; fileEncoding = 4; lastKnownFileType = sourcecode.c.h; path = DarkViewController.h; sourceTree = "<group>"; };
		226713AE1EB9028600CAFCAA /* DarkViewController.m */ = {isa = PBXFileReference; fileEncoding = 4; lastKnownFileType = sourcecode.c.objc; path = DarkViewController.m; sourceTree = "<group>"; };
		226713C91EB9723700CAFCAA /* TOStatusBarView.h */ = {isa = PBXFileReference; fileEncoding = 4; lastKnownFileType = sourcecode.c.h; path = TOStatusBarView.h; sourceTree = "<group>"; };
		226713CA1EB9723700CAFCAA /* TOStatusBarView.m */ = {isa = PBXFileReference; fileEncoding = 4; lastKnownFileType = sourcecode.c.objc; path = TOStatusBarView.m; sourceTree = "<group>"; };
		226713CE1EB9B73E00CAFCAA /* TOStatusBarProxy.h */ = {isa = PBXFileReference; fileEncoding = 4; lastKnownFileType = sourcecode.c.h; path = TOStatusBarProxy.h; sourceTree = "<group>"; };
		226713CF1EB9B73E00CAFCAA /* TOStatusBarProxy.m */ = {isa = PBXFileReference; fileEncoding = 4; lastKnownFileType = sourcecode.c.objc; path = TOStatusBarProxy.m; sourceTree = "<group>"; };
		226713D11EB9BA6700CAFCAA /* UIApplication+CaptureAnimation.h */ = {isa = PBXFileReference; fileEncoding = 4; lastKnownFileType = sourcecode.c.h; path = "UIApplication+CaptureAnimation.h"; sourceTree = "<group>"; };
		226713D21EB9BA6700CAFCAA /* UIApplication+CaptureAnimation.m */ = {isa = PBXFileReference; fileEncoding = 4; lastKnownFileType = sourcecode.c.objc; path = "UIApplication+CaptureAnimation.m"; sourceTree = "<group>"; };
		22C7BA841EBA5F9A00C72CD3 /* TOStatusBarTimer.h */ = {isa = PBXFileReference; fileEncoding = 4; lastKnownFileType = sourcecode.c.h; path = TOStatusBarTimer.h; sourceTree = "<group>"; };
		22C7BA851EBA5F9A00C72CD3 /* TOStatusBarTimer.m */ = {isa = PBXFileReference; fileEncoding = 4; lastKnownFileType = sourcecode.c.objc; path = TOStatusBarTimer.m; sourceTree = "<group>"; };
/* End PBXFileReference section */

/* Begin PBXFrameworksBuildPhase section */
		226713791EB86AD600CAFCAA /* Frameworks */ = {
			isa = PBXFrameworksBuildPhase;
			buildActionMask = 2147483647;
			files = (
			);
			runOnlyForDeploymentPostprocessing = 0;
		};
/* End PBXFrameworksBuildPhase section */

/* Begin PBXGroup section */
		226713731EB86AD500CAFCAA = {
			isa = PBXGroup;
			children = (
				226713A61EB8DEE900CAFCAA /* TOStatusBarSimulator */,
				226713961EB8DEE400CAFCAA /* TOStatusBarSimulatorExample */,
				2267137D1EB86AD600CAFCAA /* Products */,
			);
			sourceTree = "<group>";
		};
		2267137D1EB86AD600CAFCAA /* Products */ = {
			isa = PBXGroup;
			children = (
				2267137C1EB86AD600CAFCAA /* TOStatusBarSimulator.app */,
			);
			name = Products;
			sourceTree = "<group>";
		};
		226713961EB8DEE400CAFCAA /* TOStatusBarSimulatorExample */ = {
			isa = PBXGroup;
			children = (
				226713971EB8DEE400CAFCAA /* AppDelegate.h */,
				226713981EB8DEE400CAFCAA /* AppDelegate.m */,
				2267139A1EB8DEE400CAFCAA /* LaunchScreen.storyboard */,
				2267139C1EB8DEE400CAFCAA /* Info.plist */,
				2267139D1EB8DEE400CAFCAA /* main.m */,
				2267139E1EB8DEE400CAFCAA /* ViewController.h */,
				2267139F1EB8DEE400CAFCAA /* ViewController.m */,
				226713AD1EB9028600CAFCAA /* DarkViewController.h */,
				226713AE1EB9028600CAFCAA /* DarkViewController.m */,
			);
			path = TOStatusBarSimulatorExample;
			sourceTree = "<group>";
		};
		226713A61EB8DEE900CAFCAA /* TOStatusBarSimulator */ = {
			isa = PBXGroup;
			children = (
				220C48211EBD8A84008A15B2 /* TOStatusBarSimulator.xcassets */,
				226713A71EB8DF5C00CAFCAA /* TOStatusBarSimulator.h */,
				226713A81EB8DF5C00CAFCAA /* TOStatusBarSimulator.m */,
				226713CE1EB9B73E00CAFCAA /* TOStatusBarProxy.h */,
				226713CF1EB9B73E00CAFCAA /* TOStatusBarProxy.m */,
				22C7BA841EBA5F9A00C72CD3 /* TOStatusBarTimer.h */,
				22C7BA851EBA5F9A00C72CD3 /* TOStatusBarTimer.m */,
				226713C91EB9723700CAFCAA /* TOStatusBarView.h */,
				226713CA1EB9723700CAFCAA /* TOStatusBarView.m */,
				226713D11EB9BA6700CAFCAA /* UIApplication+CaptureAnimation.h */,
				226713D21EB9BA6700CAFCAA /* UIApplication+CaptureAnimation.m */,
			);
			path = TOStatusBarSimulator;
			sourceTree = "<group>";
		};
/* End PBXGroup section */

/* Begin PBXNativeTarget section */
		2267137B1EB86AD600CAFCAA /* TOStatusBarSimulator */ = {
			isa = PBXNativeTarget;
			buildConfigurationList = 226713931EB86AD600CAFCAA /* Build configuration list for PBXNativeTarget "TOStatusBarSimulator" */;
			buildPhases = (
				226713781EB86AD600CAFCAA /* Sources */,
				226713791EB86AD600CAFCAA /* Frameworks */,
				2267137A1EB86AD600CAFCAA /* Resources */,
			);
			buildRules = (
			);
			dependencies = (
			);
			name = TOStatusBarSimulator;
			productName = TOStatusBarSimulator;
			productReference = 2267137C1EB86AD600CAFCAA /* TOStatusBarSimulator.app */;
			productType = "com.apple.product-type.application";
		};
/* End PBXNativeTarget section */

/* Begin PBXProject section */
		226713741EB86AD500CAFCAA /* Project object */ = {
			isa = PBXProject;
			attributes = {
				LastUpgradeCheck = 0830;
				ORGANIZATIONNAME = "Timothy Oliver";
				TargetAttributes = {
					2267137B1EB86AD600CAFCAA = {
						CreatedOnToolsVersion = 8.3.2;
						DevelopmentTeam = 6LF3GMKZAB;
						ProvisioningStyle = Automatic;
					};
				};
			};
			buildConfigurationList = 226713771EB86AD500CAFCAA /* Build configuration list for PBXProject "TOStatusBarSimulator" */;
			compatibilityVersion = "Xcode 3.2";
			developmentRegion = English;
			hasScannedForEncodings = 0;
			knownRegions = (
				en,
				Base,
			);
			mainGroup = 226713731EB86AD500CAFCAA;
			productRefGroup = 2267137D1EB86AD600CAFCAA /* Products */;
			projectDirPath = "";
			projectRoot = "";
			targets = (
				2267137B1EB86AD600CAFCAA /* TOStatusBarSimulator */,
			);
		};
/* End PBXProject section */

/* Begin PBXResourcesBuildPhase section */
		2267137A1EB86AD600CAFCAA /* Resources */ = {
			isa = PBXResourcesBuildPhase;
			buildActionMask = 2147483647;
			files = (
				220C48221EBD8A84008A15B2 /* TOStatusBarSimulator.xcassets in Resources */,
				226713A21EB8DEE400CAFCAA /* LaunchScreen.storyboard in Resources */,
				226713A31EB8DEE400CAFCAA /* Info.plist in Resources */,
			);
			runOnlyForDeploymentPostprocessing = 0;
		};
/* End PBXResourcesBuildPhase section */

/* Begin PBXSourcesBuildPhase section */
		226713781EB86AD600CAFCAA /* Sources */ = {
			isa = PBXSourcesBuildPhase;
			buildActionMask = 2147483647;
			files = (
				226713AF1EB9028600CAFCAA /* DarkViewController.m in Sources */,
				226713D01EB9B73E00CAFCAA /* TOStatusBarProxy.m in Sources */,
				226713A51EB8DEE400CAFCAA /* ViewController.m in Sources */,
				22C7BA861EBA5F9A00C72CD3 /* TOStatusBarTimer.m in Sources */,
				226713CB1EB9723700CAFCAA /* TOStatusBarView.m in Sources */,
				226713A91EB8DF5C00CAFCAA /* TOStatusBarSimulator.m in Sources */,
				226713A41EB8DEE400CAFCAA /* main.m in Sources */,
				226713A01EB8DEE400CAFCAA /* AppDelegate.m in Sources */,
				226713D31EB9BA6700CAFCAA /* UIApplication+CaptureAnimation.m in Sources */,
			);
			runOnlyForDeploymentPostprocessing = 0;
		};
/* End PBXSourcesBuildPhase section */

/* Begin PBXVariantGroup section */
		2267139A1EB8DEE400CAFCAA /* LaunchScreen.storyboard */ = {
			isa = PBXVariantGroup;
			children = (
				2267139B1EB8DEE400CAFCAA /* Base */,
			);
			name = LaunchScreen.storyboard;
			sourceTree = "<group>";
		};
/* End PBXVariantGroup section */

/* Begin XCBuildConfiguration section */
		226713911EB86AD600CAFCAA /* Debug */ = {
			isa = XCBuildConfiguration;
			buildSettings = {
				ALWAYS_SEARCH_USER_PATHS = NO;
				CLANG_ANALYZER_NONNULL = YES;
				CLANG_ANALYZER_NUMBER_OBJECT_CONVERSION = YES_AGGRESSIVE;
				CLANG_CXX_LANGUAGE_STANDARD = "gnu++0x";
				CLANG_CXX_LIBRARY = "libc++";
				CLANG_ENABLE_MODULES = YES;
				CLANG_ENABLE_OBJC_ARC = YES;
				CLANG_WARN_BOOL_CONVERSION = YES;
				CLANG_WARN_CONSTANT_CONVERSION = YES;
				CLANG_WARN_DIRECT_OBJC_ISA_USAGE = YES_ERROR;
				CLANG_WARN_DOCUMENTATION_COMMENTS = YES;
				CLANG_WARN_EMPTY_BODY = YES;
				CLANG_WARN_ENUM_CONVERSION = YES;
				CLANG_WARN_INFINITE_RECURSION = YES;
				CLANG_WARN_INT_CONVERSION = YES;
				CLANG_WARN_OBJC_ROOT_CLASS = YES_ERROR;
				CLANG_WARN_SUSPICIOUS_MOVE = YES;
				CLANG_WARN_UNREACHABLE_CODE = YES;
				CLANG_WARN__DUPLICATE_METHOD_MATCH = YES;
				"CODE_SIGN_IDENTITY[sdk=iphoneos*]" = "iPhone Developer";
				COPY_PHASE_STRIP = NO;
				DEBUG_INFORMATION_FORMAT = dwarf;
				ENABLE_STRICT_OBJC_MSGSEND = YES;
				ENABLE_TESTABILITY = YES;
				GCC_C_LANGUAGE_STANDARD = gnu99;
				GCC_DYNAMIC_NO_PIC = NO;
				GCC_NO_COMMON_BLOCKS = YES;
				GCC_OPTIMIZATION_LEVEL = 0;
				GCC_PREPROCESSOR_DEFINITIONS = (
					"DEBUG=1",
					"$(inherited)",
				);
				GCC_WARN_64_TO_32_BIT_CONVERSION = YES;
				GCC_WARN_ABOUT_RETURN_TYPE = YES_ERROR;
				GCC_WARN_UNDECLARED_SELECTOR = YES;
				GCC_WARN_UNINITIALIZED_AUTOS = YES_AGGRESSIVE;
				GCC_WARN_UNUSED_FUNCTION = YES;
				GCC_WARN_UNUSED_VARIABLE = YES;
				IPHONEOS_DEPLOYMENT_TARGET = 10.3;
				MTL_ENABLE_DEBUG_INFO = YES;
				ONLY_ACTIVE_ARCH = YES;
				SDKROOT = iphoneos;
				TARGETED_DEVICE_FAMILY = "1,2";
			};
			name = Debug;
		};
		226713921EB86AD600CAFCAA /* Release */ = {
			isa = XCBuildConfiguration;
			buildSettings = {
				ALWAYS_SEARCH_USER_PATHS = NO;
				CLANG_ANALYZER_NONNULL = YES;
				CLANG_ANALYZER_NUMBER_OBJECT_CONVERSION = YES_AGGRESSIVE;
				CLANG_CXX_LANGUAGE_STANDARD = "gnu++0x";
				CLANG_CXX_LIBRARY = "libc++";
				CLANG_ENABLE_MODULES = YES;
				CLANG_ENABLE_OBJC_ARC = YES;
				CLANG_WARN_BOOL_CONVERSION = YES;
				CLANG_WARN_CONSTANT_CONVERSION = YES;
				CLANG_WARN_DIRECT_OBJC_ISA_USAGE = YES_ERROR;
				CLANG_WARN_DOCUMENTATION_COMMENTS = YES;
				CLANG_WARN_EMPTY_BODY = YES;
				CLANG_WARN_ENUM_CONVERSION = YES;
				CLANG_WARN_INFINITE_RECURSION = YES;
				CLANG_WARN_INT_CONVERSION = YES;
				CLANG_WARN_OBJC_ROOT_CLASS = YES_ERROR;
				CLANG_WARN_SUSPICIOUS_MOVE = YES;
				CLANG_WARN_UNREACHABLE_CODE = YES;
				CLANG_WARN__DUPLICATE_METHOD_MATCH = YES;
				"CODE_SIGN_IDENTITY[sdk=iphoneos*]" = "iPhone Developer";
				COPY_PHASE_STRIP = NO;
				DEBUG_INFORMATION_FORMAT = "dwarf-with-dsym";
				ENABLE_NS_ASSERTIONS = NO;
				ENABLE_STRICT_OBJC_MSGSEND = YES;
				GCC_C_LANGUAGE_STANDARD = gnu99;
				GCC_NO_COMMON_BLOCKS = YES;
				GCC_WARN_64_TO_32_BIT_CONVERSION = YES;
				GCC_WARN_ABOUT_RETURN_TYPE = YES_ERROR;
				GCC_WARN_UNDECLARED_SELECTOR = YES;
				GCC_WARN_UNINITIALIZED_AUTOS = YES_AGGRESSIVE;
				GCC_WARN_UNUSED_FUNCTION = YES;
				GCC_WARN_UNUSED_VARIABLE = YES;
				IPHONEOS_DEPLOYMENT_TARGET = 10.3;
				MTL_ENABLE_DEBUG_INFO = NO;
				SDKROOT = iphoneos;
				TARGETED_DEVICE_FAMILY = "1,2";
				VALIDATE_PRODUCT = YES;
			};
			name = Release;
		};
		226713941EB86AD600CAFCAA /* Debug */ = {
			isa = XCBuildConfiguration;
			buildSettings = {
				DEVELOPMENT_TEAM = 6LF3GMKZAB;
				INFOPLIST_FILE = "$(SRCROOT)/TOStatusBarSimulatorExample/Info.plist";
				LD_RUNPATH_SEARCH_PATHS = "$(inherited) @executable_path/Frameworks";
				PRODUCT_BUNDLE_IDENTIFIER = co.timoliver.TOStatusBarSimulator;
				PRODUCT_NAME = "$(TARGET_NAME)";
			};
			name = Debug;
		};
		226713951EB86AD600CAFCAA /* Release */ = {
			isa = XCBuildConfiguration;
			buildSettings = {
				DEVELOPMENT_TEAM = 6LF3GMKZAB;
				INFOPLIST_FILE = "$(SRCROOT)/TOStatusBarSimulatorExample/Info.plist";
				LD_RUNPATH_SEARCH_PATHS = "$(inherited) @executable_path/Frameworks";
				PRODUCT_BUNDLE_IDENTIFIER = co.timoliver.TOStatusBarSimulator;
				PRODUCT_NAME = "$(TARGET_NAME)";
			};
			name = Release;
		};
/* End XCBuildConfiguration section */

/* Begin XCConfigurationList section */
		226713771EB86AD500CAFCAA /* Build configuration list for PBXProject "TOStatusBarSimulator" */ = {
			isa = XCConfigurationList;
			buildConfigurations = (
				226713911EB86AD600CAFCAA /* Debug */,
				226713921EB86AD600CAFCAA /* Release */,
			);
			defaultConfigurationIsVisible = 0;
			defaultConfigurationName = Release;
		};
		226713931EB86AD600CAFCAA /* Build configuration list for PBXNativeTarget "TOStatusBarSimulator" */ = {
			isa = XCConfigurationList;
			buildConfigurations = (
				226713941EB86AD600CAFCAA /* Debug */,
				226713951EB86AD600CAFCAA /* Release */,
			);
			defaultConfigurationIsVisible = 0;
			defaultConfigurationName = Release;
		};
/* End XCConfigurationList section */
	};
	rootObject = 226713741EB86AD500CAFCAA /* Project object */;
}
